// !$*UTF8*$!
{
	archiveVersion = 1;
	classes = {
	};
	objectVersion = 48;
	objects = {

/* Begin PBXBuildFile section */
		0B4C007AA15D43AAB61DDA06 /* Pods_Smack.framework in Frameworks */ = {isa = PBXBuildFile; fileRef = C7C7B62C01567681BA21ED1C /* Pods_Smack.framework */; };
		730B2B781FFBC7F300511C5D /* ChatVC.swift in Sources */ = {isa = PBXBuildFile; fileRef = 730B2B771FFBC7F300511C5D /* ChatVC.swift */; };
		730B2B7A1FFBC80300511C5D /* ChannelVC.swift in Sources */ = {isa = PBXBuildFile; fileRef = 730B2B791FFBC80300511C5D /* ChannelVC.swift */; };
		7311CCF020000D8400D0DF6B /* Constants.swift in Sources */ = {isa = PBXBuildFile; fileRef = 7311CCEF20000D8400D0DF6B /* Constants.swift */; };
		7311CCF2200013BD00D0DF6B /* LoginVC.swift in Sources */ = {isa = PBXBuildFile; fileRef = 7311CCF1200013BD00D0DF6B /* LoginVC.swift */; };
		732A6F3E1FFFC8B2001D0071 /* GradientView.swift in Sources */ = {isa = PBXBuildFile; fileRef = 732A6F3D1FFFC8B2001D0071 /* GradientView.swift */; };
		738DA9921FFB126F0004043E /* AppDelegate.swift in Sources */ = {isa = PBXBuildFile; fileRef = 738DA9911FFB126F0004043E /* AppDelegate.swift */; };
		738DA9971FFB126F0004043E /* Main.storyboard in Resources */ = {isa = PBXBuildFile; fileRef = 738DA9951FFB126F0004043E /* Main.storyboard */; };
		738DA9991FFB126F0004043E /* Assets.xcassets in Resources */ = {isa = PBXBuildFile; fileRef = 738DA9981FFB126F0004043E /* Assets.xcassets */; };
		738DA99C1FFB126F0004043E /* LaunchScreen.storyboard in Resources */ = {isa = PBXBuildFile; fileRef = 738DA99A1FFB126F0004043E /* LaunchScreen.storyboard */; };
		738DA9AA1FFB1E5D0004043E /* SWRevealViewController.m in Sources */ = {isa = PBXBuildFile; fileRef = 738DA9A91FFB1E5D0004043E /* SWRevealViewController.m */; };
		73B37BEF2004E815000BFCC2 /* AuthServices.swift in Sources */ = {isa = PBXBuildFile; fileRef = 73B37BEE2004E815000BFCC2 /* AuthServices.swift */; };
		73B37BF12004F7F0000BFCC2 /* RoundedButton.swift in Sources */ = {isa = PBXBuildFile; fileRef = 73B37BF02004F7F0000BFCC2 /* RoundedButton.swift */; };
		73BA4BE3200AA7850030F102 /* AvatarPickerVC.swift in Sources */ = {isa = PBXBuildFile; fileRef = 73BA4BE2200AA7850030F102 /* AvatarPickerVC.swift */; };
		73BA4BE5200AA8F10030F102 /* AvatarCell.swift in Sources */ = {isa = PBXBuildFile; fileRef = 73BA4BE4200AA8F10030F102 /* AvatarCell.swift */; };
		73CEF32520067A9900770EF8 /* UserDataService.swift in Sources */ = {isa = PBXBuildFile; fileRef = 73CEF32420067A9900770EF8 /* UserDataService.swift */; };
		73DFE11620004CDB00E099B5 /* CreateAccountVC.swift in Sources */ = {isa = PBXBuildFile; fileRef = 73DFE11520004CDB00E099B5 /* CreateAccountVC.swift */; };
/* End PBXBuildFile section */

/* Begin PBXFileReference section */
		232CD1029205560FD8188BDE /* Pods-Smack.debug.xcconfig */ = {isa = PBXFileReference; includeInIndex = 1; lastKnownFileType = text.xcconfig; name = "Pods-Smack.debug.xcconfig"; path = "Pods/Target Support Files/Pods-Smack/Pods-Smack.debug.xcconfig"; sourceTree = "<group>"; };
		730B2B771FFBC7F300511C5D /* ChatVC.swift */ = {isa = PBXFileReference; lastKnownFileType = sourcecode.swift; path = ChatVC.swift; sourceTree = "<group>"; };
		730B2B791FFBC80300511C5D /* ChannelVC.swift */ = {isa = PBXFileReference; lastKnownFileType = sourcecode.swift; path = ChannelVC.swift; sourceTree = "<group>"; };
		7311CCEF20000D8400D0DF6B /* Constants.swift */ = {isa = PBXFileReference; lastKnownFileType = sourcecode.swift; path = Constants.swift; sourceTree = "<group>"; };
		7311CCF1200013BD00D0DF6B /* LoginVC.swift */ = {isa = PBXFileReference; lastKnownFileType = sourcecode.swift; path = LoginVC.swift; sourceTree = "<group>"; };
		732A6F3D1FFFC8B2001D0071 /* GradientView.swift */ = {isa = PBXFileReference; lastKnownFileType = sourcecode.swift; path = GradientView.swift; sourceTree = "<group>"; };
		738DA98E1FFB126F0004043E /* Smack.app */ = {isa = PBXFileReference; explicitFileType = wrapper.application; includeInIndex = 0; path = Smack.app; sourceTree = BUILT_PRODUCTS_DIR; };
		738DA9911FFB126F0004043E /* AppDelegate.swift */ = {isa = PBXFileReference; lastKnownFileType = sourcecode.swift; path = AppDelegate.swift; sourceTree = "<group>"; };
		738DA9961FFB126F0004043E /* Base */ = {isa = PBXFileReference; lastKnownFileType = file.storyboard; name = Base; path = Base.lproj/Main.storyboard; sourceTree = "<group>"; };
		738DA9981FFB126F0004043E /* Assets.xcassets */ = {isa = PBXFileReference; lastKnownFileType = folder.assetcatalog; path = Assets.xcassets; sourceTree = "<group>"; };
		738DA99B1FFB126F0004043E /* Base */ = {isa = PBXFileReference; lastKnownFileType = file.storyboard; name = Base; path = Base.lproj/LaunchScreen.storyboard; sourceTree = "<group>"; };
		738DA99D1FFB126F0004043E /* Info.plist */ = {isa = PBXFileReference; lastKnownFileType = text.plist.xml; path = Info.plist; sourceTree = "<group>"; };
		738DA9A71FFB1E5C0004043E /* Smack-Bridging-Header.h */ = {isa = PBXFileReference; lastKnownFileType = sourcecode.c.h; path = "Smack-Bridging-Header.h"; sourceTree = "<group>"; };
		738DA9A81FFB1E5D0004043E /* SWRevealViewController.h */ = {isa = PBXFileReference; fileEncoding = 4; lastKnownFileType = sourcecode.c.h; path = SWRevealViewController.h; sourceTree = "<group>"; };
		738DA9A91FFB1E5D0004043E /* SWRevealViewController.m */ = {isa = PBXFileReference; fileEncoding = 4; lastKnownFileType = sourcecode.c.objc; path = SWRevealViewController.m; sourceTree = "<group>"; };
		73B37BEE2004E815000BFCC2 /* AuthServices.swift */ = {isa = PBXFileReference; lastKnownFileType = sourcecode.swift; path = AuthServices.swift; sourceTree = "<group>"; };
		73B37BF02004F7F0000BFCC2 /* RoundedButton.swift */ = {isa = PBXFileReference; lastKnownFileType = sourcecode.swift; path = RoundedButton.swift; sourceTree = "<group>"; };
		73BA4BE2200AA7850030F102 /* AvatarPickerVC.swift */ = {isa = PBXFileReference; lastKnownFileType = sourcecode.swift; path = AvatarPickerVC.swift; sourceTree = "<group>"; };
		73BA4BE4200AA8F10030F102 /* AvatarCell.swift */ = {isa = PBXFileReference; lastKnownFileType = sourcecode.swift; path = AvatarCell.swift; sourceTree = "<group>"; };
		73CEF32420067A9900770EF8 /* UserDataService.swift */ = {isa = PBXFileReference; lastKnownFileType = sourcecode.swift; path = UserDataService.swift; sourceTree = "<group>"; };
		73DFE11520004CDB00E099B5 /* CreateAccountVC.swift */ = {isa = PBXFileReference; lastKnownFileType = sourcecode.swift; path = CreateAccountVC.swift; sourceTree = "<group>"; };
		A273C206DA291D3AA39C0CD5 /* Pods-Smack.release.xcconfig */ = {isa = PBXFileReference; includeInIndex = 1; lastKnownFileType = text.xcconfig; name = "Pods-Smack.release.xcconfig"; path = "Pods/Target Support Files/Pods-Smack/Pods-Smack.release.xcconfig"; sourceTree = "<group>"; };
		C7C7B62C01567681BA21ED1C /* Pods_Smack.framework */ = {isa = PBXFileReference; explicitFileType = wrapper.framework; includeInIndex = 0; path = Pods_Smack.framework; sourceTree = BUILT_PRODUCTS_DIR; };
/* End PBXFileReference section */

/* Begin PBXFrameworksBuildPhase section */
		738DA98B1FFB126F0004043E /* Frameworks */ = {
			isa = PBXFrameworksBuildPhase;
			buildActionMask = 2147483647;
			files = (
				0B4C007AA15D43AAB61DDA06 /* Pods_Smack.framework in Frameworks */,
			);
			runOnlyForDeploymentPostprocessing = 0;
		};
/* End PBXFrameworksBuildPhase section */

/* Begin PBXGroup section */
		07FEF1956AB1F7BF8FC0829E /* Pods */ = {
			isa = PBXGroup;
			children = (
				232CD1029205560FD8188BDE /* Pods-Smack.debug.xcconfig */,
				A273C206DA291D3AA39C0CD5 /* Pods-Smack.release.xcconfig */,
			);
			name = Pods;
			sourceTree = "<group>";
		};
		7311CCEE20000D7000D0DF6B /* Utilities */ = {
			isa = PBXGroup;
			children = (
				7311CCEF20000D8400D0DF6B /* Constants.swift */,
			);
			path = Utilities;
			sourceTree = "<group>";
		};
		738DA9851FFB126F0004043E = {
			isa = PBXGroup;
			children = (
				738DA9901FFB126F0004043E /* Smack */,
				738DA98F1FFB126F0004043E /* Products */,
				07FEF1956AB1F7BF8FC0829E /* Pods */,
				E4B26EDE1CCA0F61D1AC8C75 /* Frameworks */,
			);
			sourceTree = "<group>";
		};
		738DA98F1FFB126F0004043E /* Products */ = {
			isa = PBXGroup;
			children = (
				738DA98E1FFB126F0004043E /* Smack.app */,
			);
			name = Products;
			sourceTree = "<group>";
		};
		738DA9901FFB126F0004043E /* Smack */ = {
			isa = PBXGroup;
			children = (
				73B37BED2004E7FE000BFCC2 /* Services */,
				7311CCEE20000D7000D0DF6B /* Utilities */,
				738DA9A51FFB12950004043E /* Model */,
				738DA9A41FFB128F0004043E /* View */,
				738DA9A31FFB127E0004043E /* Controller */,
				738DA9A61FFB1E1D0004043E /* Supporting Files */,
				738DA9911FFB126F0004043E /* AppDelegate.swift */,
				738DA9951FFB126F0004043E /* Main.storyboard */,
				738DA9981FFB126F0004043E /* Assets.xcassets */,
				738DA99A1FFB126F0004043E /* LaunchScreen.storyboard */,
				738DA99D1FFB126F0004043E /* Info.plist */,
			);
			path = Smack;
			sourceTree = "<group>";
		};
		738DA9A31FFB127E0004043E /* Controller */ = {
			isa = PBXGroup;
			children = (
				730B2B771FFBC7F300511C5D /* ChatVC.swift */,
				730B2B791FFBC80300511C5D /* ChannelVC.swift */,
				7311CCF1200013BD00D0DF6B /* LoginVC.swift */,
				73DFE11520004CDB00E099B5 /* CreateAccountVC.swift */,
				73BA4BE2200AA7850030F102 /* AvatarPickerVC.swift */,
			);
			path = Controller;
			sourceTree = "<group>";
		};
		738DA9A41FFB128F0004043E /* View */ = {
			isa = PBXGroup;
			children = (
				732A6F3D1FFFC8B2001D0071 /* GradientView.swift */,
				73B37BF02004F7F0000BFCC2 /* RoundedButton.swift */,
				73BA4BE4200AA8F10030F102 /* AvatarCell.swift */,
			);
			path = View;
			sourceTree = "<group>";
		};
		738DA9A51FFB12950004043E /* Model */ = {
			isa = PBXGroup;
			children = (
			);
			path = Model;
			sourceTree = "<group>";
		};
		738DA9A61FFB1E1D0004043E /* Supporting Files */ = {
			isa = PBXGroup;
			children = (
				738DA9A81FFB1E5D0004043E /* SWRevealViewController.h */,
				738DA9A91FFB1E5D0004043E /* SWRevealViewController.m */,
				738DA9A71FFB1E5C0004043E /* Smack-Bridging-Header.h */,
			);
			path = "Supporting Files";
			sourceTree = "<group>";
		};
		73B37BED2004E7FE000BFCC2 /* Services */ = {
			isa = PBXGroup;
			children = (
				73B37BEE2004E815000BFCC2 /* AuthServices.swift */,
				73CEF32420067A9900770EF8 /* UserDataService.swift */,
			);
			path = Services;
			sourceTree = "<group>";
		};
		E4B26EDE1CCA0F61D1AC8C75 /* Frameworks */ = {
			isa = PBXGroup;
			children = (
				C7C7B62C01567681BA21ED1C /* Pods_Smack.framework */,
			);
			name = Frameworks;
			sourceTree = "<group>";
		};
/* End PBXGroup section */

/* Begin PBXNativeTarget section */
		738DA98D1FFB126F0004043E /* Smack */ = {
			isa = PBXNativeTarget;
			buildConfigurationList = 738DA9A01FFB126F0004043E /* Build configuration list for PBXNativeTarget "Smack" */;
			buildPhases = (
				7BB94E1047F7F76AC51BB135 /* [CP] Check Pods Manifest.lock */,
				738DA98A1FFB126F0004043E /* Sources */,
				738DA98B1FFB126F0004043E /* Frameworks */,
				738DA98C1FFB126F0004043E /* Resources */,
				B1FD045E983F7CF8BC115F43 /* [CP] Embed Pods Frameworks */,
				828CAF834A577D6F11DE9A90 /* [CP] Copy Pods Resources */,
			);
			buildRules = (
			);
			dependencies = (
			);
			name = Smack;
			productName = Smack;
			productReference = 738DA98E1FFB126F0004043E /* Smack.app */;
			productType = "com.apple.product-type.application";
		};
/* End PBXNativeTarget section */

/* Begin PBXProject section */
		738DA9861FFB126F0004043E /* Project object */ = {
			isa = PBXProject;
			attributes = {
				LastSwiftUpdateCheck = 0920;
				LastUpgradeCheck = 0920;
				ORGANIZATIONNAME = "Clarke Enterprises";
				TargetAttributes = {
					738DA98D1FFB126F0004043E = {
						CreatedOnToolsVersion = 9.2;
						LastSwiftMigration = 0920;
						ProvisioningStyle = Automatic;
					};
				};
			};
			buildConfigurationList = 738DA9891FFB126F0004043E /* Build configuration list for PBXProject "Smack" */;
			compatibilityVersion = "Xcode 8.0";
			developmentRegion = en;
			hasScannedForEncodings = 0;
			knownRegions = (
				en,
				Base,
			);
			mainGroup = 738DA9851FFB126F0004043E;
			productRefGroup = 738DA98F1FFB126F0004043E /* Products */;
			projectDirPath = "";
			projectRoot = "";
			targets = (
				738DA98D1FFB126F0004043E /* Smack */,
			);
		};
/* End PBXProject section */

/* Begin PBXResourcesBuildPhase section */
		738DA98C1FFB126F0004043E /* Resources */ = {
			isa = PBXResourcesBuildPhase;
			buildActionMask = 2147483647;
			files = (
				738DA99C1FFB126F0004043E /* LaunchScreen.storyboard in Resources */,
				738DA9991FFB126F0004043E /* Assets.xcassets in Resources */,
				738DA9971FFB126F0004043E /* Main.storyboard in Resources */,
			);
			runOnlyForDeploymentPostprocessing = 0;
		};
/* End PBXResourcesBuildPhase section */

/* Begin PBXShellScriptBuildPhase section */
		7BB94E1047F7F76AC51BB135 /* [CP] Check Pods Manifest.lock */ = {
			isa = PBXShellScriptBuildPhase;
			buildActionMask = 2147483647;
			files = (
			);
			inputPaths = (
			);
			name = "[CP] Check Pods Manifest.lock";
			outputPaths = (
			);
			runOnlyForDeploymentPostprocessing = 0;
			shellPath = /bin/sh;
			shellScript = "diff \"${PODS_ROOT}/../Podfile.lock\" \"${PODS_ROOT}/Manifest.lock\" > /dev/null\nif [ $? != 0 ] ; then\n    # print error to STDERR\n    echo \"error: The sandbox is not in sync with the Podfile.lock. Run 'pod install' or update your CocoaPods installation.\" >&2\n    exit 1\nfi\n";
			showEnvVarsInLog = 0;
		};
		828CAF834A577D6F11DE9A90 /* [CP] Copy Pods Resources */ = {
			isa = PBXShellScriptBuildPhase;
			buildActionMask = 2147483647;
			files = (
			);
			inputPaths = (
			);
			name = "[CP] Copy Pods Resources";
			outputPaths = (
			);
			runOnlyForDeploymentPostprocessing = 0;
			shellPath = /bin/sh;
			shellScript = "\"${SRCROOT}/Pods/Target Support Files/Pods-Smack/Pods-Smack-resources.sh\"\n";
			showEnvVarsInLog = 0;
		};
		B1FD045E983F7CF8BC115F43 /* [CP] Embed Pods Frameworks */ = {
			isa = PBXShellScriptBuildPhase;
			buildActionMask = 2147483647;
			files = (
			);
			inputPaths = (
			);
			name = "[CP] Embed Pods Frameworks";
			outputPaths = (
			);
			runOnlyForDeploymentPostprocessing = 0;
			shellPath = /bin/sh;
			shellScript = "\"${SRCROOT}/Pods/Target Support Files/Pods-Smack/Pods-Smack-frameworks.sh\"\n";
			showEnvVarsInLog = 0;
		};
/* End PBXShellScriptBuildPhase section */

/* Begin PBXSourcesBuildPhase section */
		738DA98A1FFB126F0004043E /* Sources */ = {
			isa = PBXSourcesBuildPhase;
			buildActionMask = 2147483647;
			files = (
				730B2B7A1FFBC80300511C5D /* ChannelVC.swift in Sources */,
				73BA4BE3200AA7850030F102 /* AvatarPickerVC.swift in Sources */,
				73B37BF12004F7F0000BFCC2 /* RoundedButton.swift in Sources */,
				730B2B781FFBC7F300511C5D /* ChatVC.swift in Sources */,
				73CEF32520067A9900770EF8 /* UserDataService.swift in Sources */,
				73DFE11620004CDB00E099B5 /* CreateAccountVC.swift in Sources */,
				7311CCF2200013BD00D0DF6B /* LoginVC.swift in Sources */,
				732A6F3E1FFFC8B2001D0071 /* GradientView.swift in Sources */,
				738DA9921FFB126F0004043E /* AppDelegate.swift in Sources */,
				73BA4BE5200AA8F10030F102 /* AvatarCell.swift in Sources */,
				73B37BEF2004E815000BFCC2 /* AuthServices.swift in Sources */,
				738DA9AA1FFB1E5D0004043E /* SWRevealViewController.m in Sources */,
				7311CCF020000D8400D0DF6B /* Constants.swift in Sources */,
			);
			runOnlyForDeploymentPostprocessing = 0;
		};
/* End PBXSourcesBuildPhase section */

/* Begin PBXVariantGroup section */
		738DA9951FFB126F0004043E /* Main.storyboard */ = {
			isa = PBXVariantGroup;
			children = (
				738DA9961FFB126F0004043E /* Base */,
			);
			name = Main.storyboard;
			sourceTree = "<group>";
		};
		738DA99A1FFB126F0004043E /* LaunchScreen.storyboard */ = {
			isa = PBXVariantGroup;
			children = (
				738DA99B1FFB126F0004043E /* Base */,
			);
			name = LaunchScreen.storyboard;
			sourceTree = "<group>";
		};
/* End PBXVariantGroup section */

/* Begin XCBuildConfiguration section */
		738DA99E1FFB126F0004043E /* Debug */ = {
			isa = XCBuildConfiguration;
			buildSettings = {
				ALWAYS_SEARCH_USER_PATHS = NO;
				CLANG_ANALYZER_NONNULL = YES;
				CLANG_ANALYZER_NUMBER_OBJECT_CONVERSION = YES_AGGRESSIVE;
				CLANG_CXX_LANGUAGE_STANDARD = "gnu++14";
				CLANG_CXX_LIBRARY = "libc++";
				CLANG_ENABLE_MODULES = YES;
				CLANG_ENABLE_OBJC_ARC = YES;
				CLANG_WARN_BLOCK_CAPTURE_AUTORELEASING = YES;
				CLANG_WARN_BOOL_CONVERSION = YES;
				CLANG_WARN_COMMA = YES;
				CLANG_WARN_CONSTANT_CONVERSION = YES;
				CLANG_WARN_DIRECT_OBJC_ISA_USAGE = YES_ERROR;
				CLANG_WARN_DOCUMENTATION_COMMENTS = YES;
				CLANG_WARN_EMPTY_BODY = YES;
				CLANG_WARN_ENUM_CONVERSION = YES;
				CLANG_WARN_INFINITE_RECURSION = YES;
				CLANG_WARN_INT_CONVERSION = YES;
				CLANG_WARN_NON_LITERAL_NULL_CONVERSION = YES;
				CLANG_WARN_OBJC_LITERAL_CONVERSION = YES;
				CLANG_WARN_OBJC_ROOT_CLASS = YES_ERROR;
				CLANG_WARN_RANGE_LOOP_ANALYSIS = YES;
				CLANG_WARN_STRICT_PROTOTYPES = YES;
				CLANG_WARN_SUSPICIOUS_MOVE = YES;
				CLANG_WARN_UNGUARDED_AVAILABILITY = YES_AGGRESSIVE;
				CLANG_WARN_UNREACHABLE_CODE = YES;
				CLANG_WARN__DUPLICATE_METHOD_MATCH = YES;
				CODE_SIGN_IDENTITY = "iPhone Developer";
				COPY_PHASE_STRIP = NO;
				DEBUG_INFORMATION_FORMAT = dwarf;
				ENABLE_STRICT_OBJC_MSGSEND = YES;
				ENABLE_TESTABILITY = YES;
				GCC_C_LANGUAGE_STANDARD = gnu11;
				GCC_DYNAMIC_NO_PIC = NO;
				GCC_NO_COMMON_BLOCKS = YES;
				GCC_OPTIMIZATION_LEVEL = 0;
				GCC_PREPROCESSOR_DEFINITIONS = (
					"DEBUG=1",
					"$(inherited)",
				);
				GCC_WARN_64_TO_32_BIT_CONVERSION = YES;
				GCC_WARN_ABOUT_RETURN_TYPE = YES_ERROR;
				GCC_WARN_UNDECLARED_SELECTOR = YES;
				GCC_WARN_UNINITIALIZED_AUTOS = YES_AGGRESSIVE;
				GCC_WARN_UNUSED_FUNCTION = YES;
				GCC_WARN_UNUSED_VARIABLE = YES;
				IPHONEOS_DEPLOYMENT_TARGET = 11.2;
				MTL_ENABLE_DEBUG_INFO = YES;
				ONLY_ACTIVE_ARCH = YES;
				SDKROOT = iphoneos;
				SWIFT_ACTIVE_COMPILATION_CONDITIONS = DEBUG;
				SWIFT_OPTIMIZATION_LEVEL = "-Onone";
			};
			name = Debug;
		};
		738DA99F1FFB126F0004043E /* Release */ = {
			isa = XCBuildConfiguration;
			buildSettings = {
				ALWAYS_SEARCH_USER_PATHS = NO;
				CLANG_ANALYZER_NONNULL = YES;
				CLANG_ANALYZER_NUMBER_OBJECT_CONVERSION = YES_AGGRESSIVE;
				CLANG_CXX_LANGUAGE_STANDARD = "gnu++14";
				CLANG_CXX_LIBRARY = "libc++";
				CLANG_ENABLE_MODULES = YES;
				CLANG_ENABLE_OBJC_ARC = YES;
				CLANG_WARN_BLOCK_CAPTURE_AUTORELEASING = YES;
				CLANG_WARN_BOOL_CONVERSION = YES;
				CLANG_WARN_COMMA = YES;
				CLANG_WARN_CONSTANT_CONVERSION = YES;
				CLANG_WARN_DIRECT_OBJC_ISA_USAGE = YES_ERROR;
				CLANG_WARN_DOCUMENTATION_COMMENTS = YES;
				CLANG_WARN_EMPTY_BODY = YES;
				CLANG_WARN_ENUM_CONVERSION = YES;
				CLANG_WARN_INFINITE_RECURSION = YES;
				CLANG_WARN_INT_CONVERSION = YES;
				CLANG_WARN_NON_LITERAL_NULL_CONVERSION = YES;
				CLANG_WARN_OBJC_LITERAL_CONVERSION = YES;
				CLANG_WARN_OBJC_ROOT_CLASS = YES_ERROR;
				CLANG_WARN_RANGE_LOOP_ANALYSIS = YES;
				CLANG_WARN_STRICT_PROTOTYPES = YES;
				CLANG_WARN_SUSPICIOUS_MOVE = YES;
				CLANG_WARN_UNGUARDED_AVAILABILITY = YES_AGGRESSIVE;
				CLANG_WARN_UNREACHABLE_CODE = YES;
				CLANG_WARN__DUPLICATE_METHOD_MATCH = YES;
				CODE_SIGN_IDENTITY = "iPhone Developer";
				COPY_PHASE_STRIP = NO;
				DEBUG_INFORMATION_FORMAT = "dwarf-with-dsym";
				ENABLE_NS_ASSERTIONS = NO;
				ENABLE_STRICT_OBJC_MSGSEND = YES;
				GCC_C_LANGUAGE_STANDARD = gnu11;
				GCC_NO_COMMON_BLOCKS = YES;
				GCC_WARN_64_TO_32_BIT_CONVERSION = YES;
				GCC_WARN_ABOUT_RETURN_TYPE = YES_ERROR;
				GCC_WARN_UNDECLARED_SELECTOR = YES;
				GCC_WARN_UNINITIALIZED_AUTOS = YES_AGGRESSIVE;
				GCC_WARN_UNUSED_FUNCTION = YES;
				GCC_WARN_UNUSED_VARIABLE = YES;
				IPHONEOS_DEPLOYMENT_TARGET = 11.2;
				MTL_ENABLE_DEBUG_INFO = NO;
				SDKROOT = iphoneos;
				SWIFT_OPTIMIZATION_LEVEL = "-Owholemodule";
				VALIDATE_PRODUCT = YES;
			};
			name = Release;
		};
		738DA9A11FFB126F0004043E /* Debug */ = {
			isa = XCBuildConfiguration;
			baseConfigurationReference = 232CD1029205560FD8188BDE /* Pods-Smack.debug.xcconfig */;
			buildSettings = {
				ASSETCATALOG_COMPILER_APPICON_NAME = AppIcon;
				CLANG_ENABLE_MODULES = YES;
				CODE_SIGN_STYLE = Automatic;
				DEVELOPMENT_TEAM = F75BW287FH;
				INFOPLIST_FILE = Smack/Info.plist;
				LD_RUNPATH_SEARCH_PATHS = "$(inherited) @executable_path/Frameworks";
				PRODUCT_BUNDLE_IDENTIFIER = com.ChetwynClarke.Smack;
				PRODUCT_NAME = "$(TARGET_NAME)";
				SWIFT_OBJC_BRIDGING_HEADER = "Smack/Supporting Files/Smack-Bridging-Header.h";
				SWIFT_OPTIMIZATION_LEVEL = "-Onone";
				SWIFT_VERSION = 4.0;
				TARGETED_DEVICE_FAMILY = "1,2";
			};
			name = Debug;
		};
		738DA9A21FFB126F0004043E /* Release */ = {
			isa = XCBuildConfiguration;
			baseConfigurationReference = A273C206DA291D3AA39C0CD5 /* Pods-Smack.release.xcconfig */;
			buildSettings = {
				ASSETCATALOG_COMPILER_APPICON_NAME = AppIcon;
				CLANG_ENABLE_MODULES = YES;
				CODE_SIGN_STYLE = Automatic;
				DEVELOPMENT_TEAM = F75BW287FH;
				INFOPLIST_FILE = Smack/Info.plist;
				LD_RUNPATH_SEARCH_PATHS = "$(inherited) @executable_path/Frameworks";
				PRODUCT_BUNDLE_IDENTIFIER = com.ChetwynClarke.Smack;
				PRODUCT_NAME = "$(TARGET_NAME)";
				SWIFT_OBJC_BRIDGING_HEADER = "Smack/Supporting Files/Smack-Bridging-Header.h";
				SWIFT_VERSION = 4.0;
				TARGETED_DEVICE_FAMILY = "1,2";
			};
			name = Release;
		};
/* End XCBuildConfiguration section */

/* Begin XCConfigurationList section */
		738DA9891FFB126F0004043E /* Build configuration list for PBXProject "Smack" */ = {
			isa = XCConfigurationList;
			buildConfigurations = (
				738DA99E1FFB126F0004043E /* Debug */,
				738DA99F1FFB126F0004043E /* Release */,
			);
			defaultConfigurationIsVisible = 0;
			defaultConfigurationName = Release;
		};
		738DA9A01FFB126F0004043E /* Build configuration list for PBXNativeTarget "Smack" */ = {
			isa = XCConfigurationList;
			buildConfigurations = (
				738DA9A11FFB126F0004043E /* Debug */,
				738DA9A21FFB126F0004043E /* Release */,
			);
			defaultConfigurationIsVisible = 0;
			defaultConfigurationName = Release;
		};
/* End XCConfigurationList section */
	};
	rootObject = 738DA9861FFB126F0004043E /* Project object */;
}
